
Microsoft Visual Studio Solution File, Format Version 12.00
# Visual Studio Version 16
VisualStudioVersion = 16.0.33214.272
MinimumVisualStudioVersion = 10.0.40219.1
Project("{FAE04EC0-301F-11D3-BF4B-00C04F79EFBC}") = "Aula03DS", "Aula03DS\Aula03DS.csproj", "{F6DDC3A6-9B79-46CE-942F-04C978074757}"
EndProject
Global
	GlobalSection(SolutionConfigurationPlatforms) = preSolution
		Debug|Any CPU = Debug|Any CPU
		Release|Any CPU = Release|Any CPU
	EndGlobalSection
	GlobalSection(ProjectConfigurationPlatforms) = postSolution
		{F6DDC3A6-9B79-46CE-942F-04C978074757}.Debug|Any CPU.ActiveCfg = Debug|Any CPU
		{F6DDC3A6-9B79-46CE-942F-04C978074757}.Debug|Any CPU.Build.0 = Debug|Any CPU
		{F6DDC3A6-9B79-46CE-942F-04C978074757}.Release|Any CPU.ActiveCfg = Release|Any CPU
		{F6DDC3A6-9B79-46CE-942F-04C978074757}.Release|Any CPU.Build.0 = Release|Any CPU
	EndGlobalSection
	GlobalSection(SolutionProperties) = preSolution
		HideSolutionNode = FALSE
	EndGlobalSection
	GlobalSection(ExtensibilityGlobals) = postSolution
		SolutionGuid = {C19B2462-92A6-46FE-8092-0C2C1F89C4AE}
	EndGlobalSection
EndGlobal
